
Microsoft Visual Studio Solution File, Format Version 12.00
# Visual Studio 15
VisualStudioVersion = 15.0.27703.2000
MinimumVisualStudioVersion = 10.0.40219.1
Project("{FAE04EC0-301F-11D3-BF4B-00C04F79EFBC}") = "DisKWeb", "DisKWeb\DisKWeb.csproj", "{2BC906C5-D0DA-4402-9B92-FB73FBEFB299}"
EndProject
Global
	GlobalSection(SolutionConfigurationPlatforms) = preSolution
		Debug|Any CPU = Debug|Any CPU
		Release|Any CPU = Release|Any CPU
	EndGlobalSection
	GlobalSection(ProjectConfigurationPlatforms) = postSolution
		{2BC906C5-D0DA-4402-9B92-FB73FBEFB299}.Debug|Any CPU.ActiveCfg = Debug|Any CPU
		{2BC906C5-D0DA-4402-9B92-FB73FBEFB299}.Debug|Any CPU.Build.0 = Debug|Any CPU
		{2BC906C5-D0DA-4402-9B92-FB73FBEFB299}.Release|Any CPU.ActiveCfg = Release|Any CPU
		{2BC906C5-D0DA-4402-9B92-FB73FBEFB299}.Release|Any CPU.Build.0 = Release|Any CPU
	EndGlobalSection
	GlobalSection(SolutionProperties) = preSolution
		HideSolutionNode = FALSE
	EndGlobalSection
	GlobalSection(ExtensibilityGlobals) = postSolution
		SolutionGuid = {360962F1-CC44-4F02-90A9-6A4E44369C3D}
	EndGlobalSection
EndGlobal
